{
  "name": "fluxojs",
  "version": "1.0.0",
  "lockfileVersion": 2,
  "requires": true,
  "packages": {
    "": {
      "name": "fluxojs",
      "version": "1.0.0",
      "license": "ISC",
      "devDependencies": {
        "snyk": "^1.1009.0"
      }
    },
    "node_modules/snyk": {
      "version": "1.1009.0",
      "resolved": "https://registry.npmjs.org/snyk/-/snyk-1.1009.0.tgz",
      "integrity": "sha512-f0oz02Gk31Vv7BZXiESCq6XwOLzrttM3C7EeRU4OWb14ZfRmo5iuawLdLI+iNtBAhLMV6fJtGPBiVqOCYLqinw==",
      "dev": true,
      "bin": {
        "snyk": "bin/snyk"
      },
      "engines": {
        "node": ">=12"
      }
    }
  },
  "dependencies": {
    "snyk": {
      "version": "1.1009.0",
      "resolved": "https://registry.npmjs.org/snyk/-/snyk-1.1009.0.tgz",
      "integrity": "sha512-f0oz02Gk31Vv7BZXiESCq6XwOLzrttM3C7EeRU4OWb14ZfRmo5iuawLdLI+iNtBAhLMV6fJtGPBiVqOCYLqinw==",
      "dev": true
    }
  }
}
